// !$*UTF8*$!
{
	archiveVersion = 1;
	classes = {
	};
	objectVersion = 46;
	objects = {

/* Begin PBXBuildFile section */
		D765A96C1B351B1A0062EA27 /* Bolts.framework in Frameworks */ = {isa = PBXBuildFile; fileRef = D765A9681B351B1A0062EA27 /* Bolts.framework */; };
		D765A96D1B351B1A0062EA27 /* Parse.framework in Frameworks */ = {isa = PBXBuildFile; fileRef = D765A9691B351B1A0062EA27 /* Parse.framework */; };
		D765A96E1B351B1A0062EA27 /* ParseCrashReporting.framework in Frameworks */ = {isa = PBXBuildFile; fileRef = D765A96A1B351B1A0062EA27 /* ParseCrashReporting.framework */; };
		D765A96F1B351B1A0062EA27 /* ParseUI.framework in Frameworks */ = {isa = PBXBuildFile; fileRef = D765A96B1B351B1A0062EA27 /* ParseUI.framework */; };
		D765A9721B351BCF0062EA27 /* Accounts.framework in Frameworks */ = {isa = PBXBuildFile; fileRef = D765A9711B351BCF0062EA27 /* Accounts.framework */; };
		D765A9741B351BD30062EA27 /* AudioToolbox.framework in Frameworks */ = {isa = PBXBuildFile; fileRef = D765A9731B351BD30062EA27 /* AudioToolbox.framework */; };
		D765A9761B351BD80062EA27 /* CFNetwork.framework in Frameworks */ = {isa = PBXBuildFile; fileRef = D765A9751B351BD80062EA27 /* CFNetwork.framework */; };
		D765A9781B351BDE0062EA27 /* CoreGraphics.framework in Frameworks */ = {isa = PBXBuildFile; fileRef = D765A9771B351BDE0062EA27 /* CoreGraphics.framework */; };
		D765A97A1B351BE30062EA27 /* CoreLocation.framework in Frameworks */ = {isa = PBXBuildFile; fileRef = D765A9791B351BE30062EA27 /* CoreLocation.framework */; };
		D765A97C1B351BE90062EA27 /* MobileCoreServices.framework in Frameworks */ = {isa = PBXBuildFile; fileRef = D765A97B1B351BE90062EA27 /* MobileCoreServices.framework */; };
		D765A97E1B351BED0062EA27 /* QuartzCore.framework in Frameworks */ = {isa = PBXBuildFile; fileRef = D765A97D1B351BED0062EA27 /* QuartzCore.framework */; };
		D765A9801B351BF20062EA27 /* Security.framework in Frameworks */ = {isa = PBXBuildFile; fileRef = D765A97F1B351BF20062EA27 /* Security.framework */; };
		D765A9821B351BF60062EA27 /* Social.framework in Frameworks */ = {isa = PBXBuildFile; fileRef = D765A9811B351BF60062EA27 /* Social.framework */; };
		D765A9841B351BFA0062EA27 /* StoreKit.framework in Frameworks */ = {isa = PBXBuildFile; fileRef = D765A9831B351BFA0062EA27 /* StoreKit.framework */; };
		D765A9861B351C010062EA27 /* SystemConfiguration.framework in Frameworks */ = {isa = PBXBuildFile; fileRef = D765A9851B351C010062EA27 /* SystemConfiguration.framework */; };
		D765A9881B351C0B0062EA27 /* libz.dylib in Frameworks */ = {isa = PBXBuildFile; fileRef = D765A9871B351C0B0062EA27 /* libz.dylib */; };
		D765A98A1B351C130062EA27 /* libsqlite3.dylib in Frameworks */ = {isa = PBXBuildFile; fileRef = D765A9891B351C130062EA27 /* libsqlite3.dylib */; };
		D765A98C1B35C7BC0062EA27 /* StartingViewController.swift in Sources */ = {isa = PBXBuildFile; fileRef = D765A98B1B35C7BC0062EA27 /* StartingViewController.swift */; };
		D7A5526F1B3358A2009CC6DB /* AppDelegate.swift in Sources */ = {isa = PBXBuildFile; fileRef = D7A5526E1B3358A2009CC6DB /* AppDelegate.swift */; };
		D7A552721B3358A2009CC6DB /* ReachFit_Athlete.xcdatamodeld in Sources */ = {isa = PBXBuildFile; fileRef = D7A552701B3358A2009CC6DB /* ReachFit_Athlete.xcdatamodeld */; };
		D7A552771B3358A2009CC6DB /* Main.storyboard in Resources */ = {isa = PBXBuildFile; fileRef = D7A552751B3358A2009CC6DB /* Main.storyboard */; };
		D7A552791B3358A2009CC6DB /* Images.xcassets in Resources */ = {isa = PBXBuildFile; fileRef = D7A552781B3358A2009CC6DB /* Images.xcassets */; };
		D7A5527C1B3358A2009CC6DB /* LaunchScreen.xib in Resources */ = {isa = PBXBuildFile; fileRef = D7A5527A1B3358A2009CC6DB /* LaunchScreen.xib */; };
		D7A552881B3358A2009CC6DB /* ReachFit_AthleteTests.swift in Sources */ = {isa = PBXBuildFile; fileRef = D7A552871B3358A2009CC6DB /* ReachFit_AthleteTests.swift */; };
/* End PBXBuildFile section */

/* Begin PBXContainerItemProxy section */
		D7A552821B3358A2009CC6DB /* PBXContainerItemProxy */ = {
			isa = PBXContainerItemProxy;
			containerPortal = D7A552611B3358A2009CC6DB /* Project object */;
			proxyType = 1;
			remoteGlobalIDString = D7A552681B3358A2009CC6DB;
			remoteInfo = "ReachFit Athlete";
		};
/* End PBXContainerItemProxy section */

/* Begin PBXFileReference section */
		D765A9681B351B1A0062EA27 /* Bolts.framework */ = {isa = PBXFileReference; lastKnownFileType = wrapper.framework; path = Bolts.framework; sourceTree = "<group>"; };
		D765A9691B351B1A0062EA27 /* Parse.framework */ = {isa = PBXFileReference; lastKnownFileType = wrapper.framework; path = Parse.framework; sourceTree = "<group>"; };
		D765A96A1B351B1A0062EA27 /* ParseCrashReporting.framework */ = {isa = PBXFileReference; lastKnownFileType = wrapper.framework; path = ParseCrashReporting.framework; sourceTree = "<group>"; };
		D765A96B1B351B1A0062EA27 /* ParseUI.framework */ = {isa = PBXFileReference; lastKnownFileType = wrapper.framework; path = ParseUI.framework; sourceTree = "<group>"; };
		D765A9711B351BCF0062EA27 /* Accounts.framework */ = {isa = PBXFileReference; lastKnownFileType = wrapper.framework; name = Accounts.framework; path = System/Library/Frameworks/Accounts.framework; sourceTree = SDKROOT; };
		D765A9731B351BD30062EA27 /* AudioToolbox.framework */ = {isa = PBXFileReference; lastKnownFileType = wrapper.framework; name = AudioToolbox.framework; path = System/Library/Frameworks/AudioToolbox.framework; sourceTree = SDKROOT; };
		D765A9751B351BD80062EA27 /* CFNetwork.framework */ = {isa = PBXFileReference; lastKnownFileType = wrapper.framework; name = CFNetwork.framework; path = System/Library/Frameworks/CFNetwork.framework; sourceTree = SDKROOT; };
		D765A9771B351BDE0062EA27 /* CoreGraphics.framework */ = {isa = PBXFileReference; lastKnownFileType = wrapper.framework; name = CoreGraphics.framework; path = System/Library/Frameworks/CoreGraphics.framework; sourceTree = SDKROOT; };
		D765A9791B351BE30062EA27 /* CoreLocation.framework */ = {isa = PBXFileReference; lastKnownFileType = wrapper.framework; name = CoreLocation.framework; path = System/Library/Frameworks/CoreLocation.framework; sourceTree = SDKROOT; };
		D765A97B1B351BE90062EA27 /* MobileCoreServices.framework */ = {isa = PBXFileReference; lastKnownFileType = wrapper.framework; name = MobileCoreServices.framework; path = System/Library/Frameworks/MobileCoreServices.framework; sourceTree = SDKROOT; };
		D765A97D1B351BED0062EA27 /* QuartzCore.framework */ = {isa = PBXFileReference; lastKnownFileType = wrapper.framework; name = QuartzCore.framework; path = System/Library/Frameworks/QuartzCore.framework; sourceTree = SDKROOT; };
		D765A97F1B351BF20062EA27 /* Security.framework */ = {isa = PBXFileReference; lastKnownFileType = wrapper.framework; name = Security.framework; path = System/Library/Frameworks/Security.framework; sourceTree = SDKROOT; };
		D765A9811B351BF60062EA27 /* Social.framework */ = {isa = PBXFileReference; lastKnownFileType = wrapper.framework; name = Social.framework; path = System/Library/Frameworks/Social.framework; sourceTree = SDKROOT; };
		D765A9831B351BFA0062EA27 /* StoreKit.framework */ = {isa = PBXFileReference; lastKnownFileType = wrapper.framework; name = StoreKit.framework; path = System/Library/Frameworks/StoreKit.framework; sourceTree = SDKROOT; };
		D765A9851B351C010062EA27 /* SystemConfiguration.framework */ = {isa = PBXFileReference; lastKnownFileType = wrapper.framework; name = SystemConfiguration.framework; path = System/Library/Frameworks/SystemConfiguration.framework; sourceTree = SDKROOT; };
		D765A9871B351C0B0062EA27 /* libz.dylib */ = {isa = PBXFileReference; lastKnownFileType = "compiled.mach-o.dylib"; name = libz.dylib; path = usr/lib/libz.dylib; sourceTree = SDKROOT; };
		D765A9891B351C130062EA27 /* libsqlite3.dylib */ = {isa = PBXFileReference; lastKnownFileType = "compiled.mach-o.dylib"; name = libsqlite3.dylib; path = usr/lib/libsqlite3.dylib; sourceTree = SDKROOT; };
		D765A98B1B35C7BC0062EA27 /* StartingViewController.swift */ = {isa = PBXFileReference; fileEncoding = 4; lastKnownFileType = sourcecode.swift; path = StartingViewController.swift; sourceTree = "<group>"; };
		D7A552691B3358A2009CC6DB /* ReachFit Athlete.app */ = {isa = PBXFileReference; explicitFileType = wrapper.application; includeInIndex = 0; path = "ReachFit Athlete.app"; sourceTree = BUILT_PRODUCTS_DIR; };
		D7A5526D1B3358A2009CC6DB /* Info.plist */ = {isa = PBXFileReference; lastKnownFileType = text.plist.xml; path = Info.plist; sourceTree = "<group>"; };
		D7A5526E1B3358A2009CC6DB /* AppDelegate.swift */ = {isa = PBXFileReference; lastKnownFileType = sourcecode.swift; path = AppDelegate.swift; sourceTree = "<group>"; };
		D7A552711B3358A2009CC6DB /* ReachFit_Athlete.xcdatamodel */ = {isa = PBXFileReference; lastKnownFileType = wrapper.xcdatamodel; path = ReachFit_Athlete.xcdatamodel; sourceTree = "<group>"; };
		D7A552761B3358A2009CC6DB /* Base */ = {isa = PBXFileReference; lastKnownFileType = file.storyboard; name = Base; path = Base.lproj/Main.storyboard; sourceTree = "<group>"; };
		D7A552781B3358A2009CC6DB /* Images.xcassets */ = {isa = PBXFileReference; lastKnownFileType = folder.assetcatalog; path = Images.xcassets; sourceTree = "<group>"; };
		D7A5527B1B3358A2009CC6DB /* Base */ = {isa = PBXFileReference; lastKnownFileType = file.xib; name = Base; path = Base.lproj/LaunchScreen.xib; sourceTree = "<group>"; };
		D7A552811B3358A2009CC6DB /* ReachFit AthleteTests.xctest */ = {isa = PBXFileReference; explicitFileType = wrapper.cfbundle; includeInIndex = 0; path = "ReachFit AthleteTests.xctest"; sourceTree = BUILT_PRODUCTS_DIR; };
		D7A552861B3358A2009CC6DB /* Info.plist */ = {isa = PBXFileReference; lastKnownFileType = text.plist.xml; path = Info.plist; sourceTree = "<group>"; };
		D7A552871B3358A2009CC6DB /* ReachFit_AthleteTests.swift */ = {isa = PBXFileReference; lastKnownFileType = sourcecode.swift; path = ReachFit_AthleteTests.swift; sourceTree = "<group>"; };
/* End PBXFileReference section */

/* Begin PBXFrameworksBuildPhase section */
		D7A552661B3358A2009CC6DB /* Frameworks */ = {
			isa = PBXFrameworksBuildPhase;
			buildActionMask = 2147483647;
			files = (
				D765A98A1B351C130062EA27 /* libsqlite3.dylib in Frameworks */,
				D765A9881B351C0B0062EA27 /* libz.dylib in Frameworks */,
				D765A9861B351C010062EA27 /* SystemConfiguration.framework in Frameworks */,
				D765A9841B351BFA0062EA27 /* StoreKit.framework in Frameworks */,
				D765A9821B351BF60062EA27 /* Social.framework in Frameworks */,
				D765A9801B351BF20062EA27 /* Security.framework in Frameworks */,
				D765A97E1B351BED0062EA27 /* QuartzCore.framework in Frameworks */,
				D765A97C1B351BE90062EA27 /* MobileCoreServices.framework in Frameworks */,
				D765A97A1B351BE30062EA27 /* CoreLocation.framework in Frameworks */,
				D765A9781B351BDE0062EA27 /* CoreGraphics.framework in Frameworks */,
				D765A9761B351BD80062EA27 /* CFNetwork.framework in Frameworks */,
				D765A9741B351BD30062EA27 /* AudioToolbox.framework in Frameworks */,
				D765A9721B351BCF0062EA27 /* Accounts.framework in Frameworks */,
				D765A96D1B351B1A0062EA27 /* Parse.framework in Frameworks */,
				D765A96E1B351B1A0062EA27 /* ParseCrashReporting.framework in Frameworks */,
				D765A96F1B351B1A0062EA27 /* ParseUI.framework in Frameworks */,
				D765A96C1B351B1A0062EA27 /* Bolts.framework in Frameworks */,
			);
			runOnlyForDeploymentPostprocessing = 0;
		};
		D7A5527E1B3358A2009CC6DB /* Frameworks */ = {
			isa = PBXFrameworksBuildPhase;
			buildActionMask = 2147483647;
			files = (
			);
			runOnlyForDeploymentPostprocessing = 0;
		};
/* End PBXFrameworksBuildPhase section */

/* Begin PBXGroup section */
		D765A9701B351BAD0062EA27 /* Frameworks */ = {
			isa = PBXGroup;
			children = (
				D765A9891B351C130062EA27 /* libsqlite3.dylib */,
				D765A9871B351C0B0062EA27 /* libz.dylib */,
				D765A9851B351C010062EA27 /* SystemConfiguration.framework */,
				D765A9831B351BFA0062EA27 /* StoreKit.framework */,
				D765A9811B351BF60062EA27 /* Social.framework */,
				D765A97F1B351BF20062EA27 /* Security.framework */,
				D765A97D1B351BED0062EA27 /* QuartzCore.framework */,
				D765A97B1B351BE90062EA27 /* MobileCoreServices.framework */,
				D765A9791B351BE30062EA27 /* CoreLocation.framework */,
				D765A9771B351BDE0062EA27 /* CoreGraphics.framework */,
				D765A9751B351BD80062EA27 /* CFNetwork.framework */,
				D765A9731B351BD30062EA27 /* AudioToolbox.framework */,
				D765A9711B351BCF0062EA27 /* Accounts.framework */,
				D765A9681B351B1A0062EA27 /* Bolts.framework */,
				D765A9691B351B1A0062EA27 /* Parse.framework */,
				D765A96A1B351B1A0062EA27 /* ParseCrashReporting.framework */,
				D765A96B1B351B1A0062EA27 /* ParseUI.framework */,
			);
			name = Frameworks;
			sourceTree = "<group>";
		};
		D7A552601B3358A2009CC6DB = {
			isa = PBXGroup;
			children = (
				D765A9701B351BAD0062EA27 /* Frameworks */,
				D7A5526B1B3358A2009CC6DB /* ReachFit Athlete */,
				D7A552841B3358A2009CC6DB /* ReachFit AthleteTests */,
				D7A5526A1B3358A2009CC6DB /* Products */,
			);
			sourceTree = "<group>";
		};
		D7A5526A1B3358A2009CC6DB /* Products */ = {
			isa = PBXGroup;
			children = (
				D7A552691B3358A2009CC6DB /* ReachFit Athlete.app */,
				D7A552811B3358A2009CC6DB /* ReachFit AthleteTests.xctest */,
			);
			name = Products;
			sourceTree = "<group>";
		};
		D7A5526B1B3358A2009CC6DB /* ReachFit Athlete */ = {
			isa = PBXGroup;
			children = (
				D7A5526E1B3358A2009CC6DB /* AppDelegate.swift */,
				D765A98B1B35C7BC0062EA27 /* StartingViewController.swift */,
				D7A552751B3358A2009CC6DB /* Main.storyboard */,
				D7A552781B3358A2009CC6DB /* Images.xcassets */,
				D7A5527A1B3358A2009CC6DB /* LaunchScreen.xib */,
				D7A552701B3358A2009CC6DB /* ReachFit_Athlete.xcdatamodeld */,
				D7A5526C1B3358A2009CC6DB /* Supporting Files */,
			);
			path = "ReachFit Athlete";
			sourceTree = "<group>";
		};
		D7A5526C1B3358A2009CC6DB /* Supporting Files */ = {
			isa = PBXGroup;
			children = (
				D7A5526D1B3358A2009CC6DB /* Info.plist */,
			);
			name = "Supporting Files";
			sourceTree = "<group>";
		};
		D7A552841B3358A2009CC6DB /* ReachFit AthleteTests */ = {
			isa = PBXGroup;
			children = (
				D7A552871B3358A2009CC6DB /* ReachFit_AthleteTests.swift */,
				D7A552851B3358A2009CC6DB /* Supporting Files */,
			);
			path = "ReachFit AthleteTests";
			sourceTree = "<group>";
		};
		D7A552851B3358A2009CC6DB /* Supporting Files */ = {
			isa = PBXGroup;
			children = (
				D7A552861B3358A2009CC6DB /* Info.plist */,
			);
			name = "Supporting Files";
			sourceTree = "<group>";
		};
/* End PBXGroup section */

/* Begin PBXNativeTarget section */
		D7A552681B3358A2009CC6DB /* ReachFit Athlete */ = {
			isa = PBXNativeTarget;
			buildConfigurationList = D7A5528B1B3358A2009CC6DB /* Build configuration list for PBXNativeTarget "ReachFit Athlete" */;
			buildPhases = (
				D7A552651B3358A2009CC6DB /* Sources */,
				D7A552661B3358A2009CC6DB /* Frameworks */,
				D7A552671B3358A2009CC6DB /* Resources */,
			);
			buildRules = (
			);
			dependencies = (
			);
			name = "ReachFit Athlete";
			productName = "ReachFit Athlete";
			productReference = D7A552691B3358A2009CC6DB /* ReachFit Athlete.app */;
			productType = "com.apple.product-type.application";
		};
		D7A552801B3358A2009CC6DB /* ReachFit AthleteTests */ = {
			isa = PBXNativeTarget;
			buildConfigurationList = D7A5528E1B3358A2009CC6DB /* Build configuration list for PBXNativeTarget "ReachFit AthleteTests" */;
			buildPhases = (
				D7A5527D1B3358A2009CC6DB /* Sources */,
				D7A5527E1B3358A2009CC6DB /* Frameworks */,
				D7A5527F1B3358A2009CC6DB /* Resources */,
			);
			buildRules = (
			);
			dependencies = (
				D7A552831B3358A2009CC6DB /* PBXTargetDependency */,
			);
			name = "ReachFit AthleteTests";
			productName = "ReachFit AthleteTests";
			productReference = D7A552811B3358A2009CC6DB /* ReachFit AthleteTests.xctest */;
			productType = "com.apple.product-type.bundle.unit-test";
		};
/* End PBXNativeTarget section */

/* Begin PBXProject section */
		D7A552611B3358A2009CC6DB /* Project object */ = {
			isa = PBXProject;
			attributes = {
				LastUpgradeCheck = 0630;
				ORGANIZATIONNAME = ReachFit;
				TargetAttributes = {
					D7A552681B3358A2009CC6DB = {
						CreatedOnToolsVersion = 6.3.2;
					};
					D7A552801B3358A2009CC6DB = {
						CreatedOnToolsVersion = 6.3.2;
						TestTargetID = D7A552681B3358A2009CC6DB;
					};
				};
			};
			buildConfigurationList = D7A552641B3358A2009CC6DB /* Build configuration list for PBXProject "ReachFit Athlete" */;
			compatibilityVersion = "Xcode 3.2";
			developmentRegion = English;
			hasScannedForEncodings = 0;
			knownRegions = (
				en,
				Base,
			);
			mainGroup = D7A552601B3358A2009CC6DB;
			productRefGroup = D7A5526A1B3358A2009CC6DB /* Products */;
			projectDirPath = "";
			projectRoot = "";
			targets = (
				D7A552681B3358A2009CC6DB /* ReachFit Athlete */,
				D7A552801B3358A2009CC6DB /* ReachFit AthleteTests */,
			);
		};
/* End PBXProject section */

/* Begin PBXResourcesBuildPhase section */
		D7A552671B3358A2009CC6DB /* Resources */ = {
			isa = PBXResourcesBuildPhase;
			buildActionMask = 2147483647;
			files = (
				D7A552771B3358A2009CC6DB /* Main.storyboard in Resources */,
				D7A5527C1B3358A2009CC6DB /* LaunchScreen.xib in Resources */,
				D7A552791B3358A2009CC6DB /* Images.xcassets in Resources */,
			);
			runOnlyForDeploymentPostprocessing = 0;
		};
		D7A5527F1B3358A2009CC6DB /* Resources */ = {
			isa = PBXResourcesBuildPhase;
			buildActionMask = 2147483647;
			files = (
			);
			runOnlyForDeploymentPostprocessing = 0;
		};
/* End PBXResourcesBuildPhase section */

/* Begin PBXSourcesBuildPhase section */
		D7A552651B3358A2009CC6DB /* Sources */ = {
			isa = PBXSourcesBuildPhase;
			buildActionMask = 2147483647;
			files = (
				D7A5526F1B3358A2009CC6DB /* AppDelegate.swift in Sources */,
				D765A98C1B35C7BC0062EA27 /* StartingViewController.swift in Sources */,
				D7A552721B3358A2009CC6DB /* ReachFit_Athlete.xcdatamodeld in Sources */,
			);
			runOnlyForDeploymentPostprocessing = 0;
		};
		D7A5527D1B3358A2009CC6DB /* Sources */ = {
			isa = PBXSourcesBuildPhase;
			buildActionMask = 2147483647;
			files = (
				D7A552881B3358A2009CC6DB /* ReachFit_AthleteTests.swift in Sources */,
			);
			runOnlyForDeploymentPostprocessing = 0;
		};
/* End PBXSourcesBuildPhase section */

/* Begin PBXTargetDependency section */
		D7A552831B3358A2009CC6DB /* PBXTargetDependency */ = {
			isa = PBXTargetDependency;
			target = D7A552681B3358A2009CC6DB /* ReachFit Athlete */;
			targetProxy = D7A552821B3358A2009CC6DB /* PBXContainerItemProxy */;
		};
/* End PBXTargetDependency section */

/* Begin PBXVariantGroup section */
		D7A552751B3358A2009CC6DB /* Main.storyboard */ = {
			isa = PBXVariantGroup;
			children = (
				D7A552761B3358A2009CC6DB /* Base */,
			);
			name = Main.storyboard;
			sourceTree = "<group>";
		};
		D7A5527A1B3358A2009CC6DB /* LaunchScreen.xib */ = {
			isa = PBXVariantGroup;
			children = (
				D7A5527B1B3358A2009CC6DB /* Base */,
			);
			name = LaunchScreen.xib;
			sourceTree = "<group>";
		};
/* End PBXVariantGroup section */

/* Begin XCBuildConfiguration section */
		D7A552891B3358A2009CC6DB /* Debug */ = {
			isa = XCBuildConfiguration;
			buildSettings = {
				ALWAYS_SEARCH_USER_PATHS = NO;
				CLANG_CXX_LANGUAGE_STANDARD = "gnu++0x";
				CLANG_CXX_LIBRARY = "libc++";
				CLANG_ENABLE_MODULES = YES;
				CLANG_ENABLE_OBJC_ARC = YES;
				CLANG_WARN_BOOL_CONVERSION = YES;
				CLANG_WARN_CONSTANT_CONVERSION = YES;
				CLANG_WARN_DIRECT_OBJC_ISA_USAGE = YES_ERROR;
				CLANG_WARN_EMPTY_BODY = YES;
				CLANG_WARN_ENUM_CONVERSION = YES;
				CLANG_WARN_INT_CONVERSION = YES;
				CLANG_WARN_OBJC_ROOT_CLASS = YES_ERROR;
				CLANG_WARN_UNREACHABLE_CODE = YES;
				CLANG_WARN__DUPLICATE_METHOD_MATCH = YES;
				"CODE_SIGN_IDENTITY[sdk=iphoneos*]" = "iPhone Developer";
				COPY_PHASE_STRIP = NO;
				DEBUG_INFORMATION_FORMAT = "dwarf-with-dsym";
				ENABLE_STRICT_OBJC_MSGSEND = YES;
				GCC_C_LANGUAGE_STANDARD = gnu99;
				GCC_DYNAMIC_NO_PIC = NO;
				GCC_NO_COMMON_BLOCKS = YES;
				GCC_OPTIMIZATION_LEVEL = 0;
				GCC_PREPROCESSOR_DEFINITIONS = (
					"DEBUG=1",
					"$(inherited)",
				);
				GCC_SYMBOLS_PRIVATE_EXTERN = NO;
				GCC_WARN_64_TO_32_BIT_CONVERSION = YES;
				GCC_WARN_ABOUT_RETURN_TYPE = YES_ERROR;
				GCC_WARN_UNDECLARED_SELECTOR = YES;
				GCC_WARN_UNINITIALIZED_AUTOS = YES_AGGRESSIVE;
				GCC_WARN_UNUSED_FUNCTION = YES;
				GCC_WARN_UNUSED_VARIABLE = YES;
				IPHONEOS_DEPLOYMENT_TARGET = 8.3;
				MTL_ENABLE_DEBUG_INFO = YES;
				ONLY_ACTIVE_ARCH = YES;
				SDKROOT = iphoneos;
				SWIFT_OPTIMIZATION_LEVEL = "-Onone";
			};
			name = Debug;
		};
		D7A5528A1B3358A2009CC6DB /* Release */ = {
			isa = XCBuildConfiguration;
			buildSettings = {
				ALWAYS_SEARCH_USER_PATHS = NO;
				CLANG_CXX_LANGUAGE_STANDARD = "gnu++0x";
				CLANG_CXX_LIBRARY = "libc++";
				CLANG_ENABLE_MODULES = YES;
				CLANG_ENABLE_OBJC_ARC = YES;
				CLANG_WARN_BOOL_CONVERSION = YES;
				CLANG_WARN_CONSTANT_CONVERSION = YES;
				CLANG_WARN_DIRECT_OBJC_ISA_USAGE = YES_ERROR;
				CLANG_WARN_EMPTY_BODY = YES;
				CLANG_WARN_ENUM_CONVERSION = YES;
				CLANG_WARN_INT_CONVERSION = YES;
				CLANG_WARN_OBJC_ROOT_CLASS = YES_ERROR;
				CLANG_WARN_UNREACHABLE_CODE = YES;
				CLANG_WARN__DUPLICATE_METHOD_MATCH = YES;
				"CODE_SIGN_IDENTITY[sdk=iphoneos*]" = "iPhone Developer";
				COPY_PHASE_STRIP = NO;
				DEBUG_INFORMATION_FORMAT = "dwarf-with-dsym";
				ENABLE_NS_ASSERTIONS = NO;
				ENABLE_STRICT_OBJC_MSGSEND = YES;
				GCC_C_LANGUAGE_STANDARD = gnu99;
				GCC_NO_COMMON_BLOCKS = YES;
				GCC_WARN_64_TO_32_BIT_CONVERSION = YES;
				GCC_WARN_ABOUT_RETURN_TYPE = YES_ERROR;
				GCC_WARN_UNDECLARED_SELECTOR = YES;
				GCC_WARN_UNINITIALIZED_AUTOS = YES_AGGRESSIVE;
				GCC_WARN_UNUSED_FUNCTION = YES;
				GCC_WARN_UNUSED_VARIABLE = YES;
				IPHONEOS_DEPLOYMENT_TARGET = 8.3;
				MTL_ENABLE_DEBUG_INFO = NO;
				SDKROOT = iphoneos;
				VALIDATE_PRODUCT = YES;
			};
			name = Release;
		};
		D7A5528C1B3358A2009CC6DB /* Debug */ = {
			isa = XCBuildConfiguration;
			buildSettings = {
				ASSETCATALOG_COMPILER_APPICON_NAME = AppIcon;
				FRAMEWORK_SEARCH_PATHS = (
					"$(inherited)",
					"$(PROJECT_DIR)",
				);
				INFOPLIST_FILE = "ReachFit Athlete/Info.plist";
				LD_RUNPATH_SEARCH_PATHS = "$(inherited) @executable_path/Frameworks";
				PRODUCT_NAME = "$(TARGET_NAME)";
			};
			name = Debug;
		};
		D7A5528D1B3358A2009CC6DB /* Release */ = {
			isa = XCBuildConfiguration;
			buildSettings = {
				ASSETCATALOG_COMPILER_APPICON_NAME = AppIcon;
				FRAMEWORK_SEARCH_PATHS = (
					"$(inherited)",
					"$(PROJECT_DIR)",
				);
				INFOPLIST_FILE = "ReachFit Athlete/Info.plist";
				LD_RUNPATH_SEARCH_PATHS = "$(inherited) @executable_path/Frameworks";
				PRODUCT_NAME = "$(TARGET_NAME)";
			};
			name = Release;
		};
		D7A5528F1B3358A2009CC6DB /* Debug */ = {
			isa = XCBuildConfiguration;
			buildSettings = {
				BUNDLE_LOADER = "$(TEST_HOST)";
				FRAMEWORK_SEARCH_PATHS = (
					"$(SDKROOT)/Developer/Library/Frameworks",
					"$(inherited)",
				);
				GCC_PREPROCESSOR_DEFINITIONS = (
					"DEBUG=1",
					"$(inherited)",
				);
				INFOPLIST_FILE = "ReachFit AthleteTests/Info.plist";
				LD_RUNPATH_SEARCH_PATHS = "$(inherited) @executable_path/Frameworks @loader_path/Frameworks";
				PRODUCT_NAME = "$(TARGET_NAME)";
				TEST_HOST = "$(BUILT_PRODUCTS_DIR)/ReachFit Athlete.app/ReachFit Athlete";
			};
			name = Debug;
		};
		D7A552901B3358A2009CC6DB /* Release */ = {
			isa = XCBuildConfiguration;
			buildSettings = {
				BUNDLE_LOADER = "$(TEST_HOST)";
				FRAMEWORK_SEARCH_PATHS = (
					"$(SDKROOT)/Developer/Library/Frameworks",
					"$(inherited)",
				);
				INFOPLIST_FILE = "ReachFit AthleteTests/Info.plist";
				LD_RUNPATH_SEARCH_PATHS = "$(inherited) @executable_path/Frameworks @loader_path/Frameworks";
				PRODUCT_NAME = "$(TARGET_NAME)";
				TEST_HOST = "$(BUILT_PRODUCTS_DIR)/ReachFit Athlete.app/ReachFit Athlete";
			};
			name = Release;
		};
/* End XCBuildConfiguration section */

/* Begin XCConfigurationList section */
		D7A552641B3358A2009CC6DB /* Build configuration list for PBXProject "ReachFit Athlete" */ = {
			isa = XCConfigurationList;
			buildConfigurations = (
				D7A552891B3358A2009CC6DB /* Debug */,
				D7A5528A1B3358A2009CC6DB /* Release */,
			);
			defaultConfigurationIsVisible = 0;
			defaultConfigurationName = Release;
		};
		D7A5528B1B3358A2009CC6DB /* Build configuration list for PBXNativeTarget "ReachFit Athlete" */ = {
			isa = XCConfigurationList;
			buildConfigurations = (
				D7A5528C1B3358A2009CC6DB /* Debug */,
				D7A5528D1B3358A2009CC6DB /* Release */,
			);
			defaultConfigurationIsVisible = 0;
			defaultConfigurationName = Release;
		};
		D7A5528E1B3358A2009CC6DB /* Build configuration list for PBXNativeTarget "ReachFit AthleteTests" */ = {
			isa = XCConfigurationList;
			buildConfigurations = (
				D7A5528F1B3358A2009CC6DB /* Debug */,
				D7A552901B3358A2009CC6DB /* Release */,
			);
			defaultConfigurationIsVisible = 0;
			defaultConfigurationName = Release;
		};
/* End XCConfigurationList section */

/* Begin XCVersionGroup section */
		D7A552701B3358A2009CC6DB /* ReachFit_Athlete.xcdatamodeld */ = {
			isa = XCVersionGroup;
			children = (
				D7A552711B3358A2009CC6DB /* ReachFit_Athlete.xcdatamodel */,
			);
			currentVersion = D7A552711B3358A2009CC6DB /* ReachFit_Athlete.xcdatamodel */;
			path = ReachFit_Athlete.xcdatamodeld;
			sourceTree = "<group>";
			versionGroupType = wrapper.xcdatamodel;
		};
/* End XCVersionGroup section */
	};
	rootObject = D7A552611B3358A2009CC6DB /* Project object */;
}
